// !$*UTF8*$!
{
	archiveVersion = 1;
	classes = {
	};
	objectVersion = 55;
	objects = {

/* Begin PBXBuildFile section */
		281856D8281D18EC00D330A8 /* __InstaRedApp.swift in Sources */ = {isa = PBXBuildFile; fileRef = 281856D7281D18EC00D330A8 /* __InstaRedApp.swift */; };
		281856DC281D18F000D330A8 /* Assets.xcassets in Resources */ = {isa = PBXBuildFile; fileRef = 281856DB281D18F000D330A8 /* Assets.xcassets */; };
		281856DF281D18F000D330A8 /* Preview Assets.xcassets in Resources */ = {isa = PBXBuildFile; fileRef = 281856DE281D18F000D330A8 /* Preview Assets.xcassets */; };
		281856E1281D18F000D330A8 /* Persistence.swift in Sources */ = {isa = PBXBuildFile; fileRef = 281856E0281D18F000D330A8 /* Persistence.swift */; };
		281856E4281D18F000D330A8 /* __InstaRed.xcdatamodeld in Sources */ = {isa = PBXBuildFile; fileRef = 281856E2281D18F000D330A8 /* __InstaRed.xcdatamodeld */; };
		281856EB281D192B00D330A8 /* SignInPage.swift in Sources */ = {isa = PBXBuildFile; fileRef = 281856EA281D192B00D330A8 /* SignInPage.swift */; };
		281856ED281D1F7D00D330A8 /* SUpPage.swift in Sources */ = {isa = PBXBuildFile; fileRef = 281856EC281D1F7C00D330A8 /* SUpPage.swift */; };
		281856EF281D206000D330A8 /* setting.swift in Sources */ = {isa = PBXBuildFile; fileRef = 281856EE281D206000D330A8 /* setting.swift */; };
/* End PBXBuildFile section */

/* Begin PBXFileReference section */
		281856D4281D18EC00D330A8 /* 6.InstaRed.app */ = {isa = PBXFileReference; explicitFileType = wrapper.application; includeInIndex = 0; path = 6.InstaRed.app; sourceTree = BUILT_PRODUCTS_DIR; };
		281856D7281D18EC00D330A8 /* __InstaRedApp.swift */ = {isa = PBXFileReference; lastKnownFileType = sourcecode.swift; path = __InstaRedApp.swift; sourceTree = "<group>"; };
		281856DB281D18F000D330A8 /* Assets.xcassets */ = {isa = PBXFileReference; lastKnownFileType = folder.assetcatalog; path = Assets.xcassets; sourceTree = "<group>"; };
		281856DE281D18F000D330A8 /* Preview Assets.xcassets */ = {isa = PBXFileReference; lastKnownFileType = folder.assetcatalog; path = "Preview Assets.xcassets"; sourceTree = "<group>"; };
		281856E0281D18F000D330A8 /* Persistence.swift */ = {isa = PBXFileReference; lastKnownFileType = sourcecode.swift; path = Persistence.swift; sourceTree = "<group>"; };
		281856E3281D18F000D330A8 /* __InstaRed.xcdatamodel */ = {isa = PBXFileReference; lastKnownFileType = wrapper.xcdatamodel; path = __InstaRed.xcdatamodel; sourceTree = "<group>"; };
		281856EA281D192B00D330A8 /* SignInPage.swift */ = {isa = PBXFileReference; lastKnownFileType = sourcecode.swift; path = SignInPage.swift; sourceTree = "<group>"; };
		281856EC281D1F7C00D330A8 /* SUpPage.swift */ = {isa = PBXFileReference; lastKnownFileType = sourcecode.swift; path = SUpPage.swift; sourceTree = "<group>"; };
		281856EE281D206000D330A8 /* setting.swift */ = {isa = PBXFileReference; lastKnownFileType = sourcecode.swift; path = setting.swift; sourceTree = "<group>"; };
/* End PBXFileReference section */

/* Begin PBXFrameworksBuildPhase section */
		281856D1281D18EC00D330A8 /* Frameworks */ = {
			isa = PBXFrameworksBuildPhase;
			buildActionMask = 2147483647;
			files = (
			);
			runOnlyForDeploymentPostprocessing = 0;
		};
/* End PBXFrameworksBuildPhase section */

/* Begin PBXGroup section */
		281856CB281D18EC00D330A8 = {
			isa = PBXGroup;
			children = (
				281856D6281D18EC00D330A8 /* 6.InstaRed */,
				281856D5281D18EC00D330A8 /* Products */,
			);
			sourceTree = "<group>";
		};
		281856D5281D18EC00D330A8 /* Products */ = {
			isa = PBXGroup;
			children = (
				281856D4281D18EC00D330A8 /* 6.InstaRed.app */,
			);
			name = Products;
			sourceTree = "<group>";
		};
		281856D6281D18EC00D330A8 /* 6.InstaRed */ = {
			isa = PBXGroup;
			children = (
				281856EA281D192B00D330A8 /* SignInPage.swift */,
				281856EE281D206000D330A8 /* setting.swift */,
				281856EC281D1F7C00D330A8 /* SUpPage.swift */,
				281856D7281D18EC00D330A8 /* __InstaRedApp.swift */,
				281856DB281D18F000D330A8 /* Assets.xcassets */,
				281856E0281D18F000D330A8 /* Persistence.swift */,
				281856E2281D18F000D330A8 /* __InstaRed.xcdatamodeld */,
				281856DD281D18F000D330A8 /* Preview Content */,
			);
			path = 6.InstaRed;
			sourceTree = "<group>";
		};
		281856DD281D18F000D330A8 /* Preview Content */ = {
			isa = PBXGroup;
			children = (
				281856DE281D18F000D330A8 /* Preview Assets.xcassets */,
			);
			path = "Preview Content";
			sourceTree = "<group>";
		};
/* End PBXGroup section */

/* Begin PBXNativeTarget section */
		281856D3281D18EC00D330A8 /* 6.InstaRed */ = {
			isa = PBXNativeTarget;
			buildConfigurationList = 281856E7281D18F000D330A8 /* Build configuration list for PBXNativeTarget "6.InstaRed" */;
			buildPhases = (
				281856D0281D18EC00D330A8 /* Sources */,
				281856D1281D18EC00D330A8 /* Frameworks */,
				281856D2281D18EC00D330A8 /* Resources */,
			);
			buildRules = (
			);
			dependencies = (
			);
			name = 6.InstaRed;
			productName = 6.InstaRed;
			productReference = 281856D4281D18EC00D330A8 /* 6.InstaRed.app */;
			productType = "com.apple.product-type.application";
		};
/* End PBXNativeTarget section */

/* Begin PBXProject section */
		281856CC281D18EC00D330A8 /* Project object */ = {
			isa = PBXProject;
			attributes = {
				BuildIndependentTargetsInParallel = 1;
				LastSwiftUpdateCheck = 1330;
				LastUpgradeCheck = 1330;
				TargetAttributes = {
					281856D3281D18EC00D330A8 = {
						CreatedOnToolsVersion = 13.3.1;
					};
				};
			};
			buildConfigurationList = 281856CF281D18EC00D330A8 /* Build configuration list for PBXProject "6.InstaRed" */;
			compatibilityVersion = "Xcode 13.0";
			developmentRegion = en;
			hasScannedForEncodings = 0;
			knownRegions = (
				en,
				Base,
			);
			mainGroup = 281856CB281D18EC00D330A8;
			productRefGroup = 281856D5281D18EC00D330A8 /* Products */;
			projectDirPath = "";
			projectRoot = "";
			targets = (
				281856D3281D18EC00D330A8 /* 6.InstaRed */,
			);
		};
/* End PBXProject section */

/* Begin PBXResourcesBuildPhase section */
		281856D2281D18EC00D330A8 /* Resources */ = {
			isa = PBXResourcesBuildPhase;
			buildActionMask = 2147483647;
			files = (
				281856DF281D18F000D330A8 /* Preview Assets.xcassets in Resources */,
				281856DC281D18F000D330A8 /* Assets.xcassets in Resources */,
			);
			runOnlyForDeploymentPostprocessing = 0;
		};
/* End PBXResourcesBuildPhase section */

/* Begin PBXSourcesBuildPhase section */
		281856D0281D18EC00D330A8 /* Sources */ = {
			isa = PBXSourcesBuildPhase;
			buildActionMask = 2147483647;
			files = (
				281856EF281D206000D330A8 /* setting.swift in Sources */,
				281856EB281D192B00D330A8 /* SignInPage.swift in Sources */,
				281856E1281D18F000D330A8 /* Persistence.swift in Sources */,
				281856D8281D18EC00D330A8 /* __InstaRedApp.swift in Sources */,
				281856E4281D18F000D330A8 /* __InstaRed.xcdatamodeld in Sources */,
				281856ED281D1F7D00D330A8 /* SUpPage.swift in Sources */,
			);
			runOnlyForDeploymentPostprocessing = 0;
		};
/* End PBXSourcesBuildPhase section */

/* Begin XCBuildConfiguration section */
		281856E5281D18F000D330A8 /* Debug */ = {
			isa = XCBuildConfiguration;
			buildSettings = {
				ALWAYS_SEARCH_USER_PATHS = NO;
				CLANG_ANALYZER_NONNULL = YES;
				CLANG_ANALYZER_NUMBER_OBJECT_CONVERSION = YES_AGGRESSIVE;
				CLANG_CXX_LANGUAGE_STANDARD = "gnu++17";
				CLANG_ENABLE_MODULES = YES;
				CLANG_ENABLE_OBJC_ARC = YES;
				CLANG_ENABLE_OBJC_WEAK = YES;
				CLANG_WARN_BLOCK_CAPTURE_AUTORELEASING = YES;
				CLANG_WARN_BOOL_CONVERSION = YES;
				CLANG_WARN_COMMA = YES;
				CLANG_WARN_CONSTANT_CONVERSION = YES;
				CLANG_WARN_DEPRECATED_OBJC_IMPLEMENTATIONS = YES;
				CLANG_WARN_DIRECT_OBJC_ISA_USAGE = YES_ERROR;
				CLANG_WARN_DOCUMENTATION_COMMENTS = YES;
				CLANG_WARN_EMPTY_BODY = YES;
				CLANG_WARN_ENUM_CONVERSION = YES;
				CLANG_WARN_INFINITE_RECURSION = YES;
				CLANG_WARN_INT_CONVERSION = YES;
				CLANG_WARN_NON_LITERAL_NULL_CONVERSION = YES;
				CLANG_WARN_OBJC_IMPLICIT_RETAIN_SELF = YES;
				CLANG_WARN_OBJC_LITERAL_CONVERSION = YES;
				CLANG_WARN_OBJC_ROOT_CLASS = YES_ERROR;
				CLANG_WARN_QUOTED_INCLUDE_IN_FRAMEWORK_HEADER = YES;
				CLANG_WARN_RANGE_LOOP_ANALYSIS = YES;
				CLANG_WARN_STRICT_PROTOTYPES = YES;
				CLANG_WARN_SUSPICIOUS_MOVE = YES;
				CLANG_WARN_UNGUARDED_AVAILABILITY = YES_AGGRESSIVE;
				CLANG_WARN_UNREACHABLE_CODE = YES;
				CLANG_WARN__DUPLICATE_METHOD_MATCH = YES;
				COPY_PHASE_STRIP = NO;
				DEBUG_INFORMATION_FORMAT = dwarf;
				ENABLE_STRICT_OBJC_MSGSEND = YES;
				ENABLE_TESTABILITY = YES;
				GCC_C_LANGUAGE_STANDARD = gnu11;
				GCC_DYNAMIC_NO_PIC = NO;
				GCC_NO_COMMON_BLOCKS = YES;
				GCC_OPTIMIZATION_LEVEL = 0;
				GCC_PREPROCESSOR_DEFINITIONS = (
					"DEBUG=1",
					"$(inherited)",
				);
				GCC_WARN_64_TO_32_BIT_CONVERSION = YES;
				GCC_WARN_ABOUT_RETURN_TYPE = YES_ERROR;
				GCC_WARN_UNDECLARED_SELECTOR = YES;
				GCC_WARN_UNINITIALIZED_AUTOS = YES_AGGRESSIVE;
				GCC_WARN_UNUSED_FUNCTION = YES;
				GCC_WARN_UNUSED_VARIABLE = YES;
				IPHONEOS_DEPLOYMENT_TARGET = 15.4;
				MTL_ENABLE_DEBUG_INFO = INCLUDE_SOURCE;
				MTL_FAST_MATH = YES;
				ONLY_ACTIVE_ARCH = YES;
				SDKROOT = iphoneos;
				SWIFT_ACTIVE_COMPILATION_CONDITIONS = DEBUG;
				SWIFT_OPTIMIZATION_LEVEL = "-Onone";
			};
			name = Debug;
		};
		281856E6281D18F000D330A8 /* Release */ = {
			isa = XCBuildConfiguration;
			buildSettings = {
				ALWAYS_SEARCH_USER_PATHS = NO;
				CLANG_ANALYZER_NONNULL = YES;
				CLANG_ANALYZER_NUMBER_OBJECT_CONVERSION = YES_AGGRESSIVE;
				CLANG_CXX_LANGUAGE_STANDARD = "gnu++17";
				CLANG_ENABLE_MODULES = YES;
				CLANG_ENABLE_OBJC_ARC = YES;
				CLANG_ENABLE_OBJC_WEAK = YES;
				CLANG_WARN_BLOCK_CAPTURE_AUTORELEASING = YES;
				CLANG_WARN_BOOL_CONVERSION = YES;
				CLANG_WARN_COMMA = YES;
				CLANG_WARN_CONSTANT_CONVERSION = YES;
				CLANG_WARN_DEPRECATED_OBJC_IMPLEMENTATIONS = YES;
				CLANG_WARN_DIRECT_OBJC_ISA_USAGE = YES_ERROR;
				CLANG_WARN_DOCUMENTATION_COMMENTS = YES;
				CLANG_WARN_EMPTY_BODY = YES;
				CLANG_WARN_ENUM_CONVERSION = YES;
				CLANG_WARN_INFINITE_RECURSION = YES;
				CLANG_WARN_INT_CONVERSION = YES;
				CLANG_WARN_NON_LITERAL_NULL_CONVERSION = YES;
				CLANG_WARN_OBJC_IMPLICIT_RETAIN_SELF = YES;
				CLANG_WARN_OBJC_LITERAL_CONVERSION = YES;
				CLANG_WARN_OBJC_ROOT_CLASS = YES_ERROR;
				CLANG_WARN_QUOTED_INCLUDE_IN_FRAMEWORK_HEADER = YES;
				CLANG_WARN_RANGE_LOOP_ANALYSIS = YES;
				CLANG_WARN_STRICT_PROTOTYPES = YES;
				CLANG_WARN_SUSPICIOUS_MOVE = YES;
				CLANG_WARN_UNGUARDED_AVAILABILITY = YES_AGGRESSIVE;
				CLANG_WARN_UNREACHABLE_CODE = YES;
				CLANG_WARN__DUPLICATE_METHOD_MATCH = YES;
				COPY_PHASE_STRIP = NO;
				DEBUG_INFORMATION_FORMAT = "dwarf-with-dsym";
				ENABLE_NS_ASSERTIONS = NO;
				ENABLE_STRICT_OBJC_MSGSEND = YES;
				GCC_C_LANGUAGE_STANDARD = gnu11;
				GCC_NO_COMMON_BLOCKS = YES;
				GCC_WARN_64_TO_32_BIT_CONVERSION = YES;
				GCC_WARN_ABOUT_RETURN_TYPE = YES_ERROR;
				GCC_WARN_UNDECLARED_SELECTOR = YES;
				GCC_WARN_UNINITIALIZED_AUTOS = YES_AGGRESSIVE;
				GCC_WARN_UNUSED_FUNCTION = YES;
				GCC_WARN_UNUSED_VARIABLE = YES;
				IPHONEOS_DEPLOYMENT_TARGET = 15.4;
				MTL_ENABLE_DEBUG_INFO = NO;
				MTL_FAST_MATH = YES;
				SDKROOT = iphoneos;
				SWIFT_COMPILATION_MODE = wholemodule;
				SWIFT_OPTIMIZATION_LEVEL = "-O";
				VALIDATE_PRODUCT = YES;
			};
			name = Release;
		};
		281856E8281D18F000D330A8 /* Debug */ = {
			isa = XCBuildConfiguration;
			buildSettings = {
				ASSETCATALOG_COMPILER_APPICON_NAME = AppIcon;
				ASSETCATALOG_COMPILER_GLOBAL_ACCENT_COLOR_NAME = AccentColor;
				CODE_SIGN_STYLE = Automatic;
				CURRENT_PROJECT_VERSION = 1;
				DEVELOPMENT_ASSET_PATHS = "\"6.InstaRed/Preview Content\"";
				DEVELOPMENT_TEAM = XQP4Q6TD9N;
				ENABLE_PREVIEWS = YES;
				GENERATE_INFOPLIST_FILE = YES;
				INFOPLIST_KEY_UIApplicationSceneManifest_Generation = YES;
				INFOPLIST_KEY_UIApplicationSupportsIndirectInputEvents = YES;
				INFOPLIST_KEY_UILaunchScreen_Generation = YES;
				INFOPLIST_KEY_UISupportedInterfaceOrientations_iPad = "UIInterfaceOrientationPortrait UIInterfaceOrientationPortraitUpsideDown UIInterfaceOrientationLandscapeLeft UIInterfaceOrientationLandscapeRight";
				INFOPLIST_KEY_UISupportedInterfaceOrientations_iPhone = "UIInterfaceOrientationPortrait UIInterfaceOrientationLandscapeLeft UIInterfaceOrientationLandscapeRight";
				LD_RUNPATH_SEARCH_PATHS = (
					"$(inherited)",
					"@executable_path/Frameworks",
				);
				MARKETING_VERSION = 1.0;
				PRODUCT_BUNDLE_IDENTIFIER = "Playground.--InstaRed";
				PRODUCT_NAME = "$(TARGET_NAME)";
				SWIFT_EMIT_LOC_STRINGS = YES;
				SWIFT_VERSION = 5.0;
				TARGETED_DEVICE_FAMILY = "1,2";
			};
			name = Debug;
		};
		281856E9281D18F000D330A8 /* Release */ = {
			isa = XCBuildConfiguration;
			buildSettings = {
				ASSETCATALOG_COMPILER_APPICON_NAME = AppIcon;
				ASSETCATALOG_COMPILER_GLOBAL_ACCENT_COLOR_NAME = AccentColor;
				CODE_SIGN_STYLE = Automatic;
				CURRENT_PROJECT_VERSION = 1;
				DEVELOPMENT_ASSET_PATHS = "\"6.InstaRed/Preview Content\"";
				DEVELOPMENT_TEAM = XQP4Q6TD9N;
				ENABLE_PREVIEWS = YES;
				GENERATE_INFOPLIST_FILE = YES;
				INFOPLIST_KEY_UIApplicationSceneManifest_Generation = YES;
				INFOPLIST_KEY_UIApplicationSupportsIndirectInputEvents = YES;
				INFOPLIST_KEY_UILaunchScreen_Generation = YES;
				INFOPLIST_KEY_UISupportedInterfaceOrientations_iPad = "UIInterfaceOrientationPortrait UIInterfaceOrientationPortraitUpsideDown UIInterfaceOrientationLandscapeLeft UIInterfaceOrientationLandscapeRight";
				INFOPLIST_KEY_UISupportedInterfaceOrientations_iPhone = "UIInterfaceOrientationPortrait UIInterfaceOrientationLandscapeLeft UIInterfaceOrientationLandscapeRight";
				LD_RUNPATH_SEARCH_PATHS = (
					"$(inherited)",
					"@executable_path/Frameworks",
				);
				MARKETING_VERSION = 1.0;
				PRODUCT_BUNDLE_IDENTIFIER = "Playground.--InstaRed";
				PRODUCT_NAME = "$(TARGET_NAME)";
				SWIFT_EMIT_LOC_STRINGS = YES;
				SWIFT_VERSION = 5.0;
				TARGETED_DEVICE_FAMILY = "1,2";
			};
			name = Release;
		};
/* End XCBuildConfiguration section */

/* Begin XCConfigurationList section */
		281856CF281D18EC00D330A8 /* Build configuration list for PBXProject "6.InstaRed" */ = {
			isa = XCConfigurationList;
			buildConfigurations = (
				281856E5281D18F000D330A8 /* Debug */,
				281856E6281D18F000D330A8 /* Release */,
			);
			defaultConfigurationIsVisible = 0;
			defaultConfigurationName = Release;
		};
		281856E7281D18F000D330A8 /* Build configuration list for PBXNativeTarget "6.InstaRed" */ = {
			isa = XCConfigurationList;
			buildConfigurations = (
				281856E8281D18F000D330A8 /* Debug */,
				281856E9281D18F000D330A8 /* Release */,
			);
			defaultConfigurationIsVisible = 0;
			defaultConfigurationName = Release;
		};
/* End XCConfigurationList section */

/* Begin XCVersionGroup section */
		281856E2281D18F000D330A8 /* __InstaRed.xcdatamodeld */ = {
			isa = XCVersionGroup;
			children = (
				281856E3281D18F000D330A8 /* __InstaRed.xcdatamodel */,
			);
			currentVersion = 281856E3281D18F000D330A8 /* __InstaRed.xcdatamodel */;
			path = __InstaRed.xcdatamodeld;
			sourceTree = "<group>";
			versionGroupType = wrapper.xcdatamodel;
		};
/* End XCVersionGroup section */
	};
	rootObject = 281856CC281D18EC00D330A8 /* Project object */;
}
